
Microsoft Visual Studio Solution File, Format Version 12.00
# Visual Studio Version 17
VisualStudioVersion = 17.3.32929.385
MinimumVisualStudioVersion = 10.0.40219.1
Project("{FAE04EC0-301F-11D3-BF4B-00C04F79EFBC}") = "Coure_Assessment_Question_2", "Coure_Assessment_Question_2\Coure_Assessment_Question_2.csproj", "{A731E3B0-C7FE-4385-B7BF-7774344FEF03}"
EndProject
Global
	GlobalSection(SolutionConfigurationPlatforms) = preSolution
		Debug|Any CPU = Debug|Any CPU
		Release|Any CPU = Release|Any CPU
	EndGlobalSection
	GlobalSection(ProjectConfigurationPlatforms) = postSolution
		{A731E3B0-C7FE-4385-B7BF-7774344FEF03}.Debug|Any CPU.ActiveCfg = Debug|Any CPU
		{A731E3B0-C7FE-4385-B7BF-7774344FEF03}.Debug|Any CPU.Build.0 = Debug|Any CPU
		{A731E3B0-C7FE-4385-B7BF-7774344FEF03}.Release|Any CPU.ActiveCfg = Release|Any CPU
		{A731E3B0-C7FE-4385-B7BF-7774344FEF03}.Release|Any CPU.Build.0 = Release|Any CPU
	EndGlobalSection
	GlobalSection(SolutionProperties) = preSolution
		HideSolutionNode = FALSE
	EndGlobalSection
	GlobalSection(ExtensibilityGlobals) = postSolution
		SolutionGuid = {B91202CF-765E-43A7-8FF4-2F7C59DC09D2}
	EndGlobalSection
EndGlobal
